
Microsoft Visual Studio Solution File, Format Version 12.00
# Visual Studio Version 17
VisualStudioVersion = 17.2.32630.192
MinimumVisualStudioVersion = 10.0.40219.1
Project("{FAE04EC0-301F-11D3-BF4B-00C04F79EFBC}") = "HomeLoanApi", "HomeLoanApi\HomeLoanApi.csproj", "{35991210-A31D-4AC6-8632-D3A38E7CA6F2}"
EndProject
Global
	GlobalSection(SolutionConfigurationPlatforms) = preSolution
		Debug|Any CPU = Debug|Any CPU
		Release|Any CPU = Release|Any CPU
	EndGlobalSection
	GlobalSection(ProjectConfigurationPlatforms) = postSolution
		{35991210-A31D-4AC6-8632-D3A38E7CA6F2}.Debug|Any CPU.ActiveCfg = Debug|Any CPU
		{35991210-A31D-4AC6-8632-D3A38E7CA6F2}.Debug|Any CPU.Build.0 = Debug|Any CPU
		{35991210-A31D-4AC6-8632-D3A38E7CA6F2}.Release|Any CPU.ActiveCfg = Release|Any CPU
		{35991210-A31D-4AC6-8632-D3A38E7CA6F2}.Release|Any CPU.Build.0 = Release|Any CPU
	EndGlobalSection
	GlobalSection(SolutionProperties) = preSolution
		HideSolutionNode = FALSE
	EndGlobalSection
	GlobalSection(ExtensibilityGlobals) = postSolution
		SolutionGuid = {08028610-E6D7-4EB9-ABA9-D5202D8A3177}
	EndGlobalSection
EndGlobal
